
Microsoft Visual Studio Solution File, Format Version 12.00
Project("{FAE04EC0-301F-11D3-BF4B-00C04F79EFBC}") = "Dapper.App", "Dapper.App\Dapper.App.csproj", "{C0DFBF0E-AE9F-414F-A973-FE8A46E7C5ED}"
EndProject
Project("{FAE04EC0-301F-11D3-BF4B-00C04F79EFBC}") = "Dapper.DB_Lib", "Dapper.DB_Lib\Dapper.DB_Lib.csproj", "{78886E30-D300-4DE9-AD8D-3946306C07A9}"
EndProject
Project("{FAE04EC0-301F-11D3-BF4B-00C04F79EFBC}") = "Dapper.Model", "Dapper.Model\Dapper.Model.csproj", "{3862E2DF-6360-43C1-AA5E-F3810F2DFFE2}"
EndProject
Global
	GlobalSection(SolutionConfigurationPlatforms) = preSolution
		Debug|Any CPU = Debug|Any CPU
		Release|Any CPU = Release|Any CPU
	EndGlobalSection
	GlobalSection(ProjectConfigurationPlatforms) = postSolution
		{C0DFBF0E-AE9F-414F-A973-FE8A46E7C5ED}.Debug|Any CPU.ActiveCfg = Debug|Any CPU
		{C0DFBF0E-AE9F-414F-A973-FE8A46E7C5ED}.Debug|Any CPU.Build.0 = Debug|Any CPU
		{C0DFBF0E-AE9F-414F-A973-FE8A46E7C5ED}.Release|Any CPU.ActiveCfg = Release|Any CPU
		{C0DFBF0E-AE9F-414F-A973-FE8A46E7C5ED}.Release|Any CPU.Build.0 = Release|Any CPU
		{78886E30-D300-4DE9-AD8D-3946306C07A9}.Debug|Any CPU.ActiveCfg = Debug|Any CPU
		{78886E30-D300-4DE9-AD8D-3946306C07A9}.Debug|Any CPU.Build.0 = Debug|Any CPU
		{78886E30-D300-4DE9-AD8D-3946306C07A9}.Release|Any CPU.ActiveCfg = Release|Any CPU
		{78886E30-D300-4DE9-AD8D-3946306C07A9}.Release|Any CPU.Build.0 = Release|Any CPU
		{3862E2DF-6360-43C1-AA5E-F3810F2DFFE2}.Debug|Any CPU.ActiveCfg = Debug|Any CPU
		{3862E2DF-6360-43C1-AA5E-F3810F2DFFE2}.Debug|Any CPU.Build.0 = Debug|Any CPU
		{3862E2DF-6360-43C1-AA5E-F3810F2DFFE2}.Release|Any CPU.ActiveCfg = Release|Any CPU
		{3862E2DF-6360-43C1-AA5E-F3810F2DFFE2}.Release|Any CPU.Build.0 = Release|Any CPU
	EndGlobalSection
EndGlobal
